
Microsoft Visual Studio Solution File, Format Version 12.00
# Visual Studio 15
VisualStudioVersion = 15.0.27004.2002
MinimumVisualStudioVersion = 10.0.40219.1
Project("{FAE04EC0-301F-11D3-BF4B-00C04F79EFBC}") = "Bank.Models", "Bank.Models\Bank.Models.csproj", "{5CF7616C-4F5E-4ACD-BA6C-98DA9DA17C7D}"
EndProject
Global
	GlobalSection(SolutionConfigurationPlatforms) = preSolution
		Debug|Any CPU = Debug|Any CPU
		Release|Any CPU = Release|Any CPU
	EndGlobalSection
	GlobalSection(ProjectConfigurationPlatforms) = postSolution
		{5CF7616C-4F5E-4ACD-BA6C-98DA9DA17C7D}.Debug|Any CPU.ActiveCfg = Debug|Any CPU
		{5CF7616C-4F5E-4ACD-BA6C-98DA9DA17C7D}.Debug|Any CPU.Build.0 = Debug|Any CPU
		{5CF7616C-4F5E-4ACD-BA6C-98DA9DA17C7D}.Release|Any CPU.ActiveCfg = Release|Any CPU
		{5CF7616C-4F5E-4ACD-BA6C-98DA9DA17C7D}.Release|Any CPU.Build.0 = Release|Any CPU
	EndGlobalSection
	GlobalSection(SolutionProperties) = preSolution
		HideSolutionNode = FALSE
	EndGlobalSection
	GlobalSection(ExtensibilityGlobals) = postSolution
		SolutionGuid = {C3A9199F-04A8-44E8-849D-C0D5E131AE82}
	EndGlobalSection
EndGlobal
